{
  "name": "tie-fighter",
  "version": "1.0.0",
  "lockfileVersion": 1,
  "requires": true,
  "dependencies": {
    "dat.gui": {
      "version": "0.7.1",
      "resolved": "https://registry.npmjs.org/dat.gui/-/dat.gui-0.7.1.tgz",
      "integrity": "sha512-fTv1JQqjwA1Rtjy/i0ThdLgUOSWA3hOJrvNEl3XrfaMvCcFdV0h01bo3aGXknLx3okJ7AO9qqgVz6TbuRHxYAw=="
    },
    "shader-particle-engine": {
      "version": "1.0.6",
      "resolved": "https://registry.npmjs.org/shader-particle-engine/-/shader-particle-engine-1.0.6.tgz",
      "integrity": "sha1-lPc9frE3YL1MOHE6weF4/cYGIVo=",
      "requires": {
        "three": "^0.84.0"
      },
      "dependencies": {
        "three": {
          "version": "0.84.0",
          "resolved": "https://registry.npmjs.org/three/-/three-0.84.0.tgz",
          "integrity": "sha1-lb6FpVoPoAKqYl7VWRMJV9z/2Rg="
        }
      }
    },
    "three": {
      "version": "0.91.0",
      "resolved": "https://registry.npmjs.org/three/-/three-0.91.0.tgz",
      "integrity": "sha512-dzikzdcddNROFZi3vkbV8YonBmqnonbJv2FxlQBEE2wKzZutddnjiS8qBZG2+EB40l505Xw8OMClQm+GmbwI/g=="
    }
  }
}
